
Microsoft Visual Studio Solution File, Format Version 12.00
# Visual Studio Version 17
VisualStudioVersion = 17.8.34330.188
MinimumVisualStudioVersion = 10.0.40219.1
Project("{FAE04EC0-301F-11D3-BF4B-00C04F79EFBC}") = "filtered-list", "filtered-list\filtered-list.csproj", "{F55BDAE2-6641-4FFF-B407-484DE1773669}"
EndProject
Global
	GlobalSection(SolutionConfigurationPlatforms) = preSolution
		Debug|Any CPU = Debug|Any CPU
		Release|Any CPU = Release|Any CPU
	EndGlobalSection
	GlobalSection(ProjectConfigurationPlatforms) = postSolution
		{F55BDAE2-6641-4FFF-B407-484DE1773669}.Debug|Any CPU.ActiveCfg = Debug|Any CPU
		{F55BDAE2-6641-4FFF-B407-484DE1773669}.Debug|Any CPU.Build.0 = Debug|Any CPU
		{F55BDAE2-6641-4FFF-B407-484DE1773669}.Debug|Any CPU.Deploy.0 = Debug|Any CPU
		{F55BDAE2-6641-4FFF-B407-484DE1773669}.Release|Any CPU.ActiveCfg = Release|Any CPU
		{F55BDAE2-6641-4FFF-B407-484DE1773669}.Release|Any CPU.Build.0 = Release|Any CPU
		{F55BDAE2-6641-4FFF-B407-484DE1773669}.Release|Any CPU.Deploy.0 = Release|Any CPU
	EndGlobalSection
	GlobalSection(SolutionProperties) = preSolution
		HideSolutionNode = FALSE
	EndGlobalSection
	GlobalSection(ExtensibilityGlobals) = postSolution
		SolutionGuid = {8B3D4F60-EB35-4746-BDE1-F0B98D960BBB}
	EndGlobalSection
EndGlobal
